
Microsoft Visual Studio Solution File, Format Version 12.00
Project("{FAE04EC0-301F-11D3-BF4B-00C04F79EFBC}") = "Galaga-Exercise-1", "Galaga-Exercise-1\Galaga-Exercise-1.csproj", "{883ED928-85AC-4A47-AA87-32F24DC8F3F3}"
EndProject
Project("{FAE04EC0-301F-11D3-BF4B-00C04F79EFBC}") = "DIKUArcade", "..\DIKUArcade\DIKUArcade\DIKUArcade.csproj", "{A1E4E4DF-0967-4096-9E3C-FBC29B7D07DD}"
EndProject
Project("{FAE04EC0-301F-11D3-BF4B-00C04F79EFBC}") = "Galaga-Exercise-2", "Galaga-Exercise-2\Galaga-Exercise-2.csproj", "{5DE782D1-3D86-4FD1-B113-51510E295550}"
EndProject
Project("{FAE04EC0-301F-11D3-BF4B-00C04F79EFBC}") = "Galaga-Exercise-3", "Galaga-Exercise-3\Galaga-Exercise-3.csproj", "{800E05F5-8209-4FDA-A0FD-5830252D46DD}"
EndProject
Project("{FAE04EC0-301F-11D3-BF4B-00C04F79EFBC}") = "SpaceTaxi-1", "SpaceTaxi-1\SpaceTaxi-1.csproj", "{6B6B73FE-D105-4F0E-9B51-069B6FD6328F}"
EndProject
Project("{FAE04EC0-301F-11D3-BF4B-00C04F79EFBC}") = "SpaceTaxiTests", "SpaceTaxiTests\SpaceTaxiTests.csproj", "{AC1E64B5-3B10-4113-A92D-7460DFDD50F1}"
EndProject
Global
	GlobalSection(SolutionConfigurationPlatforms) = preSolution
		Debug|Any CPU = Debug|Any CPU
		Release|Any CPU = Release|Any CPU
	EndGlobalSection
	GlobalSection(ProjectConfigurationPlatforms) = postSolution
		{883ED928-85AC-4A47-AA87-32F24DC8F3F3}.Debug|Any CPU.ActiveCfg = Debug|Any CPU
		{883ED928-85AC-4A47-AA87-32F24DC8F3F3}.Debug|Any CPU.Build.0 = Debug|Any CPU
		{883ED928-85AC-4A47-AA87-32F24DC8F3F3}.Release|Any CPU.ActiveCfg = Release|Any CPU
		{883ED928-85AC-4A47-AA87-32F24DC8F3F3}.Release|Any CPU.Build.0 = Release|Any CPU
		{A1E4E4DF-0967-4096-9E3C-FBC29B7D07DD}.Debug|Any CPU.ActiveCfg = Debug|Any CPU
		{A1E4E4DF-0967-4096-9E3C-FBC29B7D07DD}.Debug|Any CPU.Build.0 = Debug|Any CPU
		{A1E4E4DF-0967-4096-9E3C-FBC29B7D07DD}.Release|Any CPU.ActiveCfg = Release|Any CPU
		{A1E4E4DF-0967-4096-9E3C-FBC29B7D07DD}.Release|Any CPU.Build.0 = Release|Any CPU
		{5DE782D1-3D86-4FD1-B113-51510E295550}.Debug|Any CPU.ActiveCfg = Debug|Any CPU
		{5DE782D1-3D86-4FD1-B113-51510E295550}.Debug|Any CPU.Build.0 = Debug|Any CPU
		{5DE782D1-3D86-4FD1-B113-51510E295550}.Release|Any CPU.ActiveCfg = Release|Any CPU
		{5DE782D1-3D86-4FD1-B113-51510E295550}.Release|Any CPU.Build.0 = Release|Any CPU
		{800E05F5-8209-4FDA-A0FD-5830252D46DD}.Debug|Any CPU.ActiveCfg = Debug|Any CPU
		{800E05F5-8209-4FDA-A0FD-5830252D46DD}.Debug|Any CPU.Build.0 = Debug|Any CPU
		{800E05F5-8209-4FDA-A0FD-5830252D46DD}.Release|Any CPU.ActiveCfg = Release|Any CPU
		{800E05F5-8209-4FDA-A0FD-5830252D46DD}.Release|Any CPU.Build.0 = Release|Any CPU
		{6B6B73FE-D105-4F0E-9B51-069B6FD6328F}.Debug|Any CPU.ActiveCfg = Debug|Any CPU
		{6B6B73FE-D105-4F0E-9B51-069B6FD6328F}.Debug|Any CPU.Build.0 = Debug|Any CPU
		{6B6B73FE-D105-4F0E-9B51-069B6FD6328F}.Release|Any CPU.ActiveCfg = Release|Any CPU
		{6B6B73FE-D105-4F0E-9B51-069B6FD6328F}.Release|Any CPU.Build.0 = Release|Any CPU
		{AC1E64B5-3B10-4113-A92D-7460DFDD50F1}.Debug|Any CPU.ActiveCfg = Debug|Any CPU
		{AC1E64B5-3B10-4113-A92D-7460DFDD50F1}.Debug|Any CPU.Build.0 = Debug|Any CPU
		{AC1E64B5-3B10-4113-A92D-7460DFDD50F1}.Release|Any CPU.ActiveCfg = Release|Any CPU
		{AC1E64B5-3B10-4113-A92D-7460DFDD50F1}.Release|Any CPU.Build.0 = Release|Any CPU
	EndGlobalSection
EndGlobal
